
Microsoft Visual Studio Solution File, Format Version 12.00
# Visual Studio Version 16
VisualStudioVersion = 16.0.29806.167
MinimumVisualStudioVersion = 10.0.40219.1
Project("{FAE04EC0-301F-11D3-BF4B-00C04F79EFBC}") = "ProyectoFinalAplicada2", "ProyectoFinalAplicada2\ProyectoFinalAplicada2.csproj", "{9C6B45F0-5C65-4F6A-A47D-D4A0263E7B0E}"
EndProject
Global
	GlobalSection(SolutionConfigurationPlatforms) = preSolution
		Debug|Any CPU = Debug|Any CPU
		Release|Any CPU = Release|Any CPU
	EndGlobalSection
	GlobalSection(ProjectConfigurationPlatforms) = postSolution
		{9C6B45F0-5C65-4F6A-A47D-D4A0263E7B0E}.Debug|Any CPU.ActiveCfg = Debug|Any CPU
		{9C6B45F0-5C65-4F6A-A47D-D4A0263E7B0E}.Debug|Any CPU.Build.0 = Debug|Any CPU
		{9C6B45F0-5C65-4F6A-A47D-D4A0263E7B0E}.Release|Any CPU.ActiveCfg = Release|Any CPU
		{9C6B45F0-5C65-4F6A-A47D-D4A0263E7B0E}.Release|Any CPU.Build.0 = Release|Any CPU
	EndGlobalSection
	GlobalSection(SolutionProperties) = preSolution
		HideSolutionNode = FALSE
	EndGlobalSection
	GlobalSection(ExtensibilityGlobals) = postSolution
		SolutionGuid = {6E29C978-BEC3-4CED-AAB7-4F3B3F802F60}
	EndGlobalSection
EndGlobal
